{
  "name": "transaction_triage",
  "version": "1.0.0",
  "lockfileVersion": 3,
  "requires": true,
  "packages": {
    "": {
      "name": "transaction_triage",
      "version": "1.0.0",
      "license": "ISC",
      "dependencies": {
        "accounting_constants": "file:../accounting_constants"
      }
    },
    "../accounting_constants": {
      "version": "1.0.0",
      "license": "ISC",
      "devDependencies": {
        "npm-prepare-dist": "^0.4.1"
      }
    },
    "node_modules/accounting_constants": {
      "resolved": "../accounting_constants",
      "link": true
    }
  }
}
